
Microsoft Visual Studio Solution File, Format Version 12.00
# Visual Studio Version 16
VisualStudioVersion = 16.0.28803.156
MinimumVisualStudioVersion = 10.0.40219.1
Project("{FAE04EC0-301F-11D3-BF4B-00C04F79EFBC}") = "AudioPlayBack", "AudioPlayBack.csproj", "{9C3120FC-BA6A-4557-9308-4E4CD51271E2}"
EndProject
Global
	GlobalSection(SolutionConfigurationPlatforms) = preSolution
		Debug|Any CPU = Debug|Any CPU
		Release|Any CPU = Release|Any CPU
	EndGlobalSection
	GlobalSection(ProjectConfigurationPlatforms) = postSolution
		{9C3120FC-BA6A-4557-9308-4E4CD51271E2}.Debug|Any CPU.ActiveCfg = Debug|Any CPU
		{9C3120FC-BA6A-4557-9308-4E4CD51271E2}.Debug|Any CPU.Build.0 = Debug|Any CPU
		{9C3120FC-BA6A-4557-9308-4E4CD51271E2}.Release|Any CPU.ActiveCfg = Release|Any CPU
		{9C3120FC-BA6A-4557-9308-4E4CD51271E2}.Release|Any CPU.Build.0 = Release|Any CPU
	EndGlobalSection
	GlobalSection(SolutionProperties) = preSolution
		HideSolutionNode = FALSE
	EndGlobalSection
	GlobalSection(ExtensibilityGlobals) = postSolution
		SolutionGuid = {83620103-8B77-4DE0-96DB-B7C5E20B1986}
	EndGlobalSection
EndGlobal
